<?xml version="1.0" encoding="utf-8"?>
<Project ToolsVersion="4.0" xmlns="http://schemas.microsoft.com/developer/msbuild/2003">
  <ItemGroup>
    <Filter Include="Source Files">
      <UniqueIdentifier>{4FC737F1-C7A5-4376-A066-2A32D752A2FF}</UniqueIdentifier>
      <Extensions>cpp;c;cc;cxx;def;odl;idl;hpj;bat;asm;asmx</Extensions>
    </Filter>
    <Filter Include="Resource Files">
      <UniqueIdentifier>{67DA6AB6-F800-4c08-8B7A-83BB121AAD01}</UniqueIdentifier>
      <Extensions>rc;ico;cur;bmp;dlg;rc2;rct;bin;rgs;gif;jpg;jpeg;jpe;resx;tiff;tif;png;wav;mfcribbon-ms</Extensions>
    </Filter>
    <Filter Include="Source Files\Kernel">
      <UniqueIdentifier>{d0da8746-ed51-438b-ad1c-0bc7745a0e2e}</UniqueIdentifier>
    </Filter>
    <Filter Include="Source Files\Loader">
      <UniqueIdentifier>{db9dfe3d-4f29-4934-987c-649d8ff7707a}</UniqueIdentifier>
    </Filter>
  </ItemGroup>
  <ItemGroup>
    <ClInclude Include="KxOGLKernel\KxOGLDeclSpec.h">
      <Filter>Source Files\Kernel</Filter>
    </ClInclude>
    <ClInclude Include="KxOGLKernel\KxOGLPch.h">
      <Filter>Source Files\Kernel</Filter>
    </ClInclude>
    <ClInclude Include="KxOGLLoader\KxOGLFunctions.h">
      <Filter>Source Files\Loader</Filter>
    </ClInclude>
    <ClInclude Include="KxOGLLoader\mathstuff.h">
      <Filter>Source Files\Loader</Filter>
    </ClInclude>
    <ClInclude Include="KxOGLLoader\oglstuff.h">
      <Filter>Source Files\Loader</Filter>
    </ClInclude>
  </ItemGroup>
  <ItemGroup>
    <ClCompile Include="KxOGLKernel\KxOGLPch.cpp">
      <Filter>Source Files\Kernel</Filter>
    </ClCompile>
    <ClCompile Include="KxOGLLoader\KxOGLFunctions.cpp">
      <Filter>Source Files\Loader</Filter>
    </ClCompile>
    <ClCompile Include="KxOGLLoader\mathstuff.cpp">
      <Filter>Source Files\Loader</Filter>
    </ClCompile>
    <ClCompile Include="KxOGLLoader\oglstuff.cpp">
      <Filter>Source Files\Loader</Filter>
    </ClCompile>
  </ItemGroup>
</Project>